
Microsoft Visual Studio Solution File, Format Version 12.00
# Visual Studio Version 16
VisualStudioVersion = 16.0.30114.105
MinimumVisualStudioVersion = 10.0.40219.1
Project("{9A19103F-16F7-4668-BE54-9A1E7A4F7556}") = "RelicMatcher.Server", "RelicMatcher\Server\RelicMatcher.Server.csproj", "{ED435FF3-8921-49A5-87C1-BD5BB933A381}"
EndProject
Project("{9A19103F-16F7-4668-BE54-9A1E7A4F7556}") = "RelicMatcher.Client", "RelicMatcher\Client\RelicMatcher.Client.csproj", "{5BE907DA-8386-42AB-ACEF-70D412AE155B}"
EndProject
Project("{9A19103F-16F7-4668-BE54-9A1E7A4F7556}") = "RelicMatcher.Shared", "RelicMatcher\Shared\RelicMatcher.Shared.csproj", "{09C7FB9A-1CEA-4B7B-AF1C-8487B1890F04}"
EndProject
Global
	GlobalSection(SolutionConfigurationPlatforms) = preSolution
		Debug|Any CPU = Debug|Any CPU
		Release|Any CPU = Release|Any CPU
	EndGlobalSection
	GlobalSection(ProjectConfigurationPlatforms) = postSolution
		{ED435FF3-8921-49A5-87C1-BD5BB933A381}.Debug|Any CPU.ActiveCfg = Debug|Any CPU
		{ED435FF3-8921-49A5-87C1-BD5BB933A381}.Debug|Any CPU.Build.0 = Debug|Any CPU
		{ED435FF3-8921-49A5-87C1-BD5BB933A381}.Release|Any CPU.ActiveCfg = Release|Any CPU
		{ED435FF3-8921-49A5-87C1-BD5BB933A381}.Release|Any CPU.Build.0 = Release|Any CPU
		{5BE907DA-8386-42AB-ACEF-70D412AE155B}.Debug|Any CPU.ActiveCfg = Debug|Any CPU
		{5BE907DA-8386-42AB-ACEF-70D412AE155B}.Debug|Any CPU.Build.0 = Debug|Any CPU
		{5BE907DA-8386-42AB-ACEF-70D412AE155B}.Release|Any CPU.ActiveCfg = Release|Any CPU
		{5BE907DA-8386-42AB-ACEF-70D412AE155B}.Release|Any CPU.Build.0 = Release|Any CPU
		{09C7FB9A-1CEA-4B7B-AF1C-8487B1890F04}.Debug|Any CPU.ActiveCfg = Debug|Any CPU
		{09C7FB9A-1CEA-4B7B-AF1C-8487B1890F04}.Debug|Any CPU.Build.0 = Debug|Any CPU
		{09C7FB9A-1CEA-4B7B-AF1C-8487B1890F04}.Release|Any CPU.ActiveCfg = Release|Any CPU
		{09C7FB9A-1CEA-4B7B-AF1C-8487B1890F04}.Release|Any CPU.Build.0 = Release|Any CPU
	EndGlobalSection
	GlobalSection(SolutionProperties) = preSolution
		HideSolutionNode = FALSE
	EndGlobalSection
	GlobalSection(ExtensibilityGlobals) = postSolution
		SolutionGuid = {C1FBB6A1-F2FF-4FDE-997F-2CE31541A2BC}
	EndGlobalSection
EndGlobal
